
Microsoft Visual Studio Solution File, Format Version 12.00
Project("{FAE04EC0-301F-11D3-BF4B-00C04F79EFBC}") = "ChargingKiosk", "ChargingKiosk\ChargingKiosk.csproj", "{EE822858-EA65-4E0F-9D49-35DBB9EEAB5F}"
EndProject
Global
	GlobalSection(SolutionConfigurationPlatforms) = preSolution
		Debug|Any CPU = Debug|Any CPU
		Release|Any CPU = Release|Any CPU
	EndGlobalSection
	GlobalSection(ProjectConfigurationPlatforms) = postSolution
		{EE822858-EA65-4E0F-9D49-35DBB9EEAB5F}.Debug|Any CPU.ActiveCfg = Debug|Any CPU
		{EE822858-EA65-4E0F-9D49-35DBB9EEAB5F}.Debug|Any CPU.Build.0 = Debug|Any CPU
		{EE822858-EA65-4E0F-9D49-35DBB9EEAB5F}.Release|Any CPU.ActiveCfg = Release|Any CPU
		{EE822858-EA65-4E0F-9D49-35DBB9EEAB5F}.Release|Any CPU.Build.0 = Release|Any CPU
	EndGlobalSection
EndGlobal
